// !$*UTF8*$!
{
	archiveVersion = 1;
	classes = {
	};
	objectVersion = 50;
	objects = {

/* Begin PBXBuildFile section */
		187693C025DE90CA529CB9E2 /* Pods_RFit_WatchKit_Extension.framework in Frameworks */ = {isa = PBXBuildFile; fileRef = 60883B03B20B6193472B90AB /* Pods_RFit_WatchKit_Extension.framework */; };
		6EA26AFB1CFD696C001EA81E /* HealthKit.framework in Frameworks */ = {isa = PBXBuildFile; fileRef = 6EA26AFA1CFD696C001EA81E /* HealthKit.framework */; };
		6EA26AFD1CFD6E1B001EA81E /* SummaryInterfaceController.swift in Sources */ = {isa = PBXBuildFile; fileRef = 6EA26AFC1CFD6E1B001EA81E /* SummaryInterfaceController.swift */; };
		6EA26AFF1CFE08CC001EA81E /* HKQuantityTypeExtension.swift in Sources */ = {isa = PBXBuildFile; fileRef = 6EA26AFE1CFE08CC001EA81E /* HKQuantityTypeExtension.swift */; };
		6ECBB8401CF8E03E003C3D93 /* AppDelegate.swift in Sources */ = {isa = PBXBuildFile; fileRef = 6ECBB83F1CF8E03E003C3D93 /* AppDelegate.swift */; };
		6ECBB8421CF8E03E003C3D93 /* ConfigurationViewController.swift in Sources */ = {isa = PBXBuildFile; fileRef = 6ECBB8411CF8E03E003C3D93 /* ConfigurationViewController.swift */; };
		6ECBB8451CF8E03E003C3D93 /* Main.storyboard in Resources */ = {isa = PBXBuildFile; fileRef = 6ECBB8431CF8E03E003C3D93 /* Main.storyboard */; };
		6ECBB8471CF8E03E003C3D93 /* Assets.xcassets in Resources */ = {isa = PBXBuildFile; fileRef = 6ECBB8461CF8E03E003C3D93 /* Assets.xcassets */; };
		6ECBB84A1CF8E03E003C3D93 /* LaunchScreen.storyboard in Resources */ = {isa = PBXBuildFile; fileRef = 6ECBB8481CF8E03E003C3D93 /* LaunchScreen.storyboard */; };
		6ECBB84F1CF8E03E003C3D93 /* RFit WatchKit App.app in Embed Watch Content */ = {isa = PBXBuildFile; fileRef = 6ECBB84E1CF8E03E003C3D93 /* RFit WatchKit App.app */; };
		6ECBB8551CF8E03E003C3D93 /* Interface.storyboard in Resources */ = {isa = PBXBuildFile; fileRef = 6ECBB8531CF8E03E003C3D93 /* Interface.storyboard */; };
		6ECBB8571CF8E03E003C3D93 /* Assets.xcassets in Resources */ = {isa = PBXBuildFile; fileRef = 6ECBB8561CF8E03E003C3D93 /* Assets.xcassets */; };
		6ECBB85E1CF8E03F003C3D93 /* RFit WatchKit Extension.appex in Embed App Extensions */ = {isa = PBXBuildFile; fileRef = 6ECBB85D1CF8E03F003C3D93 /* RFit WatchKit Extension.appex */; settings = {ATTRIBUTES = (RemoveHeadersOnCopy, ); }; };
		6ECBB8631CF8E03F003C3D93 /* ConfigurationInterfaceController.swift in Sources */ = {isa = PBXBuildFile; fileRef = 6ECBB8621CF8E03F003C3D93 /* ConfigurationInterfaceController.swift */; };
		6ECBB8651CF8E03F003C3D93 /* ExtensionDelegate.swift in Sources */ = {isa = PBXBuildFile; fileRef = 6ECBB8641CF8E03F003C3D93 /* ExtensionDelegate.swift */; };
		6ECBB8671CF8E03F003C3D93 /* Assets.xcassets in Resources */ = {isa = PBXBuildFile; fileRef = 6ECBB8661CF8E03F003C3D93 /* Assets.xcassets */; };
		6ECBB8771CF8E105003C3D93 /* WorkoutInterfaceController.swift in Sources */ = {isa = PBXBuildFile; fileRef = 6ECBB8761CF8E105003C3D93 /* WorkoutInterfaceController.swift */; };
		A2F070725A6EEC8CA4E02D33 /* Pods_RFit_WatchKit_App.framework in Frameworks */ = {isa = PBXBuildFile; fileRef = A0EE018E280329E1AE65E5DD /* Pods_RFit_WatchKit_App.framework */; };
		B67DF2FE1CFFE86500520DA6 /* WorkoutViewController.swift in Sources */ = {isa = PBXBuildFile; fileRef = B67DF2FD1CFFE86500520DA6 /* WorkoutViewController.swift */; };
		B69421021D013F6B00293562 /* ParentConnector.swift in Sources */ = {isa = PBXBuildFile; fileRef = B69421011D013F6B00293562 /* ParentConnector.swift */; };
		B6FAC4F31D07B54400C11376 /* Utilities.swift in Sources */ = {isa = PBXBuildFile; fileRef = B6FAC4F21D07B54400C11376 /* Utilities.swift */; };
		B6FAC4F41D07B54C00C11376 /* Utilities.swift in Sources */ = {isa = PBXBuildFile; fileRef = B6FAC4F21D07B54400C11376 /* Utilities.swift */; };
		E5126A3120EF876200DB5D9F /* User.swift in Sources */ = {isa = PBXBuildFile; fileRef = E5126A3020EF876200DB5D9F /* User.swift */; };
		E5126A3320EF9DD300DB5D9F /* MainViewController.swift in Sources */ = {isa = PBXBuildFile; fileRef = E5126A3220EF9DD300DB5D9F /* MainViewController.swift */; };
		E527B60B20FBAFD000F7D67D /* AboutViewController.swift in Sources */ = {isa = PBXBuildFile; fileRef = E527B60A20FBAFD000F7D67D /* AboutViewController.swift */; };
		E56B75D420F6424700C955CA /* TutorialViewController.swift in Sources */ = {isa = PBXBuildFile; fileRef = E56B75D320F6424700C955CA /* TutorialViewController.swift */; };
		E56B75DB20F665B400C955CA /* AVKit.framework in Frameworks */ = {isa = PBXBuildFile; fileRef = E56B75DA20F665B400C955CA /* AVKit.framework */; };
		E56B75DD20F665C100C955CA /* MediaPlayer.framework in Frameworks */ = {isa = PBXBuildFile; fileRef = E56B75DC20F665C100C955CA /* MediaPlayer.framework */; };
		E5E3F73F20EED94F004CD040 /* BaseViewController.swift in Sources */ = {isa = PBXBuildFile; fileRef = E5E3F73E20EED94F004CD040 /* BaseViewController.swift */; };
		E5E3F74120EED97F004CD040 /* LoginViewController.swift in Sources */ = {isa = PBXBuildFile; fileRef = E5E3F74020EED97F004CD040 /* LoginViewController.swift */; };
		E5E3F74320EED990004CD040 /* RegisterViewController.swift in Sources */ = {isa = PBXBuildFile; fileRef = E5E3F74220EED990004CD040 /* RegisterViewController.swift */; };
		E5E3F74820EEE848004CD040 /* GoogleService-Info.plist in Resources */ = {isa = PBXBuildFile; fileRef = E5E3F74720EEE847004CD040 /* GoogleService-Info.plist */; };
		EC4BFBCBAFED111C1E9A719B /* Pods_RFit.framework in Frameworks */ = {isa = PBXBuildFile; fileRef = 5070164D2DC20CC714EB0CCE /* Pods_RFit.framework */; };
/* End PBXBuildFile section */

/* Begin PBXContainerItemProxy section */
		6ECBB8501CF8E03E003C3D93 /* PBXContainerItemProxy */ = {
			isa = PBXContainerItemProxy;
			containerPortal = 6ECBB8341CF8E03E003C3D93 /* Project object */;
			proxyType = 1;
			remoteGlobalIDString = 6ECBB84D1CF8E03E003C3D93;
			remoteInfo = "SpeedySloth WatchKit App";
		};
		6ECBB85F1CF8E03F003C3D93 /* PBXContainerItemProxy */ = {
			isa = PBXContainerItemProxy;
			containerPortal = 6ECBB8341CF8E03E003C3D93 /* Project object */;
			proxyType = 1;
			remoteGlobalIDString = 6ECBB85C1CF8E03F003C3D93;
			remoteInfo = "SpeedySloth WatchKit Extension";
		};
/* End PBXContainerItemProxy section */

/* Begin PBXCopyFilesBuildPhase section */
		6ECBB86E1CF8E03F003C3D93 /* Embed App Extensions */ = {
			isa = PBXCopyFilesBuildPhase;
			buildActionMask = 2147483647;
			dstPath = "";
			dstSubfolderSpec = 13;
			files = (
				6ECBB85E1CF8E03F003C3D93 /* RFit WatchKit Extension.appex in Embed App Extensions */,
			);
			name = "Embed App Extensions";
			runOnlyForDeploymentPostprocessing = 0;
		};
		6ECBB8721CF8E03F003C3D93 /* Embed Watch Content */ = {
			isa = PBXCopyFilesBuildPhase;
			buildActionMask = 2147483647;
			dstPath = "$(CONTENTS_FOLDER_PATH)/Watch";
			dstSubfolderSpec = 16;
			files = (
				6ECBB84F1CF8E03E003C3D93 /* RFit WatchKit App.app in Embed Watch Content */,
			);
			name = "Embed Watch Content";
			runOnlyForDeploymentPostprocessing = 0;
		};
/* End PBXCopyFilesBuildPhase section */

/* Begin PBXFileReference section */
		051FBF039DBBC00ECC53A518 /* Pods-RFit WatchKit App.debug.xcconfig */ = {isa = PBXFileReference; includeInIndex = 1; lastKnownFileType = text.xcconfig; name = "Pods-RFit WatchKit App.debug.xcconfig"; path = "Pods/Target Support Files/Pods-RFit WatchKit App/Pods-RFit WatchKit App.debug.xcconfig"; sourceTree = "<group>"; };
		0C25B303CF4E1DDF967BB6E8 /* Pods-RFit WatchKit Extension.debug.xcconfig */ = {isa = PBXFileReference; includeInIndex = 1; lastKnownFileType = text.xcconfig; name = "Pods-RFit WatchKit Extension.debug.xcconfig"; path = "Pods/Target Support Files/Pods-RFit WatchKit Extension/Pods-RFit WatchKit Extension.debug.xcconfig"; sourceTree = "<group>"; };
		5070164D2DC20CC714EB0CCE /* Pods_RFit.framework */ = {isa = PBXFileReference; explicitFileType = wrapper.framework; includeInIndex = 0; path = Pods_RFit.framework; sourceTree = BUILT_PRODUCTS_DIR; };
		5B185AD1AF70E8C2BA823928 /* Pods-RFit WatchKit App.release.xcconfig */ = {isa = PBXFileReference; includeInIndex = 1; lastKnownFileType = text.xcconfig; name = "Pods-RFit WatchKit App.release.xcconfig"; path = "Pods/Target Support Files/Pods-RFit WatchKit App/Pods-RFit WatchKit App.release.xcconfig"; sourceTree = "<group>"; };
		5BE1AEC48D9DE4D5AE56BAC2 /* Pods-RFit.debug.xcconfig */ = {isa = PBXFileReference; includeInIndex = 1; lastKnownFileType = text.xcconfig; name = "Pods-RFit.debug.xcconfig"; path = "Pods/Target Support Files/Pods-RFit/Pods-RFit.debug.xcconfig"; sourceTree = "<group>"; };
		60883B03B20B6193472B90AB /* Pods_RFit_WatchKit_Extension.framework */ = {isa = PBXFileReference; explicitFileType = wrapper.framework; includeInIndex = 0; path = Pods_RFit_WatchKit_Extension.framework; sourceTree = BUILT_PRODUCTS_DIR; };
		6E98B75A1CF92F35000C40A6 /* RFit WatchKit Extension.entitlements */ = {isa = PBXFileReference; lastKnownFileType = text.plist.entitlements; path = "RFit WatchKit Extension.entitlements"; sourceTree = "<group>"; };
		6EA26AF91CFD696C001EA81E /* RFit.entitlements */ = {isa = PBXFileReference; lastKnownFileType = text.plist.entitlements; path = RFit.entitlements; sourceTree = "<group>"; };
		6EA26AFA1CFD696C001EA81E /* HealthKit.framework */ = {isa = PBXFileReference; lastKnownFileType = wrapper.framework; name = HealthKit.framework; path = System/Library/Frameworks/HealthKit.framework; sourceTree = SDKROOT; };
		6EA26AFC1CFD6E1B001EA81E /* SummaryInterfaceController.swift */ = {isa = PBXFileReference; fileEncoding = 4; lastKnownFileType = sourcecode.swift; path = SummaryInterfaceController.swift; sourceTree = "<group>"; };
		6EA26AFE1CFE08CC001EA81E /* HKQuantityTypeExtension.swift */ = {isa = PBXFileReference; fileEncoding = 4; lastKnownFileType = sourcecode.swift; path = HKQuantityTypeExtension.swift; sourceTree = "<group>"; };
		6ECBB83C1CF8E03E003C3D93 /* RFit.app */ = {isa = PBXFileReference; explicitFileType = wrapper.application; includeInIndex = 0; path = RFit.app; sourceTree = BUILT_PRODUCTS_DIR; };
		6ECBB83F1CF8E03E003C3D93 /* AppDelegate.swift */ = {isa = PBXFileReference; lastKnownFileType = sourcecode.swift; path = AppDelegate.swift; sourceTree = "<group>"; };
		6ECBB8411CF8E03E003C3D93 /* ConfigurationViewController.swift */ = {isa = PBXFileReference; lastKnownFileType = sourcecode.swift; path = ConfigurationViewController.swift; sourceTree = "<group>"; };
		6ECBB8441CF8E03E003C3D93 /* Base */ = {isa = PBXFileReference; lastKnownFileType = file.storyboard; name = Base; path = Base.lproj/Main.storyboard; sourceTree = "<group>"; };
		6ECBB8461CF8E03E003C3D93 /* Assets.xcassets */ = {isa = PBXFileReference; lastKnownFileType = folder.assetcatalog; path = Assets.xcassets; sourceTree = "<group>"; };
		6ECBB8491CF8E03E003C3D93 /* Base */ = {isa = PBXFileReference; lastKnownFileType = file.storyboard; name = Base; path = Base.lproj/LaunchScreen.storyboard; sourceTree = "<group>"; };
		6ECBB84B1CF8E03E003C3D93 /* Info.plist */ = {isa = PBXFileReference; lastKnownFileType = text.plist.xml; path = Info.plist; sourceTree = "<group>"; };
		6ECBB84E1CF8E03E003C3D93 /* RFit WatchKit App.app */ = {isa = PBXFileReference; explicitFileType = wrapper.application; includeInIndex = 0; path = "RFit WatchKit App.app"; sourceTree = BUILT_PRODUCTS_DIR; };
		6ECBB8541CF8E03E003C3D93 /* Base */ = {isa = PBXFileReference; lastKnownFileType = file.storyboard; name = Base; path = Base.lproj/Interface.storyboard; sourceTree = "<group>"; };
		6ECBB8561CF8E03E003C3D93 /* Assets.xcassets */ = {isa = PBXFileReference; lastKnownFileType = folder.assetcatalog; path = Assets.xcassets; sourceTree = "<group>"; };
		6ECBB8581CF8E03E003C3D93 /* Info.plist */ = {isa = PBXFileReference; lastKnownFileType = text.plist.xml; path = Info.plist; sourceTree = "<group>"; };
		6ECBB85D1CF8E03F003C3D93 /* RFit WatchKit Extension.appex */ = {isa = PBXFileReference; explicitFileType = "wrapper.app-extension"; includeInIndex = 0; path = "RFit WatchKit Extension.appex"; sourceTree = BUILT_PRODUCTS_DIR; };
		6ECBB8621CF8E03F003C3D93 /* ConfigurationInterfaceController.swift */ = {isa = PBXFileReference; lastKnownFileType = sourcecode.swift; path = ConfigurationInterfaceController.swift; sourceTree = "<group>"; };
		6ECBB8641CF8E03F003C3D93 /* ExtensionDelegate.swift */ = {isa = PBXFileReference; lastKnownFileType = sourcecode.swift; path = ExtensionDelegate.swift; sourceTree = "<group>"; };
		6ECBB8661CF8E03F003C3D93 /* Assets.xcassets */ = {isa = PBXFileReference; lastKnownFileType = folder.assetcatalog; path = Assets.xcassets; sourceTree = "<group>"; };
		6ECBB8681CF8E03F003C3D93 /* Info.plist */ = {isa = PBXFileReference; lastKnownFileType = text.plist.xml; path = Info.plist; sourceTree = "<group>"; };
		6ECBB8761CF8E105003C3D93 /* WorkoutInterfaceController.swift */ = {isa = PBXFileReference; fileEncoding = 4; lastKnownFileType = sourcecode.swift; path = WorkoutInterfaceController.swift; sourceTree = "<group>"; };
		A0EE018E280329E1AE65E5DD /* Pods_RFit_WatchKit_App.framework */ = {isa = PBXFileReference; explicitFileType = wrapper.framework; includeInIndex = 0; path = Pods_RFit_WatchKit_App.framework; sourceTree = BUILT_PRODUCTS_DIR; };
		A25EE63B90A4C6AA74F15F93 /* Pods-RFit.release.xcconfig */ = {isa = PBXFileReference; includeInIndex = 1; lastKnownFileType = text.xcconfig; name = "Pods-RFit.release.xcconfig"; path = "Pods/Target Support Files/Pods-RFit/Pods-RFit.release.xcconfig"; sourceTree = "<group>"; };
		B67DF2FD1CFFE86500520DA6 /* WorkoutViewController.swift */ = {isa = PBXFileReference; fileEncoding = 4; lastKnownFileType = sourcecode.swift; path = WorkoutViewController.swift; sourceTree = "<group>"; };
		B69421011D013F6B00293562 /* ParentConnector.swift */ = {isa = PBXFileReference; fileEncoding = 4; lastKnownFileType = sourcecode.swift; path = ParentConnector.swift; sourceTree = "<group>"; };
		B6FAC4F21D07B54400C11376 /* Utilities.swift */ = {isa = PBXFileReference; fileEncoding = 4; lastKnownFileType = sourcecode.swift; name = Utilities.swift; path = Utilities/Utilities.swift; sourceTree = "<group>"; };
		E5126A3020EF876200DB5D9F /* User.swift */ = {isa = PBXFileReference; lastKnownFileType = sourcecode.swift; path = User.swift; sourceTree = "<group>"; };
		E5126A3220EF9DD300DB5D9F /* MainViewController.swift */ = {isa = PBXFileReference; lastKnownFileType = sourcecode.swift; path = MainViewController.swift; sourceTree = "<group>"; };
		E527B60A20FBAFD000F7D67D /* AboutViewController.swift */ = {isa = PBXFileReference; lastKnownFileType = sourcecode.swift; path = AboutViewController.swift; sourceTree = "<group>"; };
		E56B75D320F6424700C955CA /* TutorialViewController.swift */ = {isa = PBXFileReference; lastKnownFileType = sourcecode.swift; path = TutorialViewController.swift; sourceTree = "<group>"; };
		E56B75DA20F665B400C955CA /* AVKit.framework */ = {isa = PBXFileReference; lastKnownFileType = wrapper.framework; name = AVKit.framework; path = System/Library/Frameworks/AVKit.framework; sourceTree = SDKROOT; };
		E56B75DC20F665C100C955CA /* MediaPlayer.framework */ = {isa = PBXFileReference; lastKnownFileType = wrapper.framework; name = MediaPlayer.framework; path = System/Library/Frameworks/MediaPlayer.framework; sourceTree = SDKROOT; };
		E5E3F73E20EED94F004CD040 /* BaseViewController.swift */ = {isa = PBXFileReference; lastKnownFileType = sourcecode.swift; path = BaseViewController.swift; sourceTree = "<group>"; };
		E5E3F74020EED97F004CD040 /* LoginViewController.swift */ = {isa = PBXFileReference; lastKnownFileType = sourcecode.swift; path = LoginViewController.swift; sourceTree = "<group>"; };
		E5E3F74220EED990004CD040 /* RegisterViewController.swift */ = {isa = PBXFileReference; lastKnownFileType = sourcecode.swift; path = RegisterViewController.swift; sourceTree = "<group>"; };
		E5E3F74720EEE847004CD040 /* GoogleService-Info.plist */ = {isa = PBXFileReference; fileEncoding = 4; lastKnownFileType = text.plist.xml; path = "GoogleService-Info.plist"; sourceTree = "<group>"; };
		EFB2B0769C422B2B7B0FEB35 /* Pods-RFit WatchKit Extension.release.xcconfig */ = {isa = PBXFileReference; includeInIndex = 1; lastKnownFileType = text.xcconfig; name = "Pods-RFit WatchKit Extension.release.xcconfig"; path = "Pods/Target Support Files/Pods-RFit WatchKit Extension/Pods-RFit WatchKit Extension.release.xcconfig"; sourceTree = "<group>"; };
/* End PBXFileReference section */

/* Begin PBXFrameworksBuildPhase section */
		5AF9E048E7F6C84D16F60E89 /* Frameworks */ = {
			isa = PBXFrameworksBuildPhase;
			buildActionMask = 2147483647;
			files = (
				A2F070725A6EEC8CA4E02D33 /* Pods_RFit_WatchKit_App.framework in Frameworks */,
			);
			runOnlyForDeploymentPostprocessing = 0;
		};
		6ECBB8391CF8E03E003C3D93 /* Frameworks */ = {
			isa = PBXFrameworksBuildPhase;
			buildActionMask = 2147483647;
			files = (
				E56B75DD20F665C100C955CA /* MediaPlayer.framework in Frameworks */,
				E56B75DB20F665B400C955CA /* AVKit.framework in Frameworks */,
				6EA26AFB1CFD696C001EA81E /* HealthKit.framework in Frameworks */,
				EC4BFBCBAFED111C1E9A719B /* Pods_RFit.framework in Frameworks */,
			);
			runOnlyForDeploymentPostprocessing = 0;
		};
		6ECBB85A1CF8E03F003C3D93 /* Frameworks */ = {
			isa = PBXFrameworksBuildPhase;
			buildActionMask = 2147483647;
			files = (
				187693C025DE90CA529CB9E2 /* Pods_RFit_WatchKit_Extension.framework in Frameworks */,
			);
			runOnlyForDeploymentPostprocessing = 0;
		};
/* End PBXFrameworksBuildPhase section */

/* Begin PBXGroup section */
		6EA26B001CFE34F9001EA81E /* Utilities */ = {
			isa = PBXGroup;
			children = (
				6EA26AFE1CFE08CC001EA81E /* HKQuantityTypeExtension.swift */,
				B69421011D013F6B00293562 /* ParentConnector.swift */,
			);
			name = Utilities;
			sourceTree = "<group>";
		};
		6ECBB8331CF8E03E003C3D93 = {
			isa = PBXGroup;
			children = (
				6ECBB83E1CF8E03E003C3D93 /* RFit */,
				6ECBB8521CF8E03E003C3D93 /* RFit WatchKit App */,
				6ECBB8611CF8E03F003C3D93 /* RFit WatchKit Extension */,
				B6FAC4F11D07B51E00C11376 /* Utilites */,
				6ECBB83D1CF8E03E003C3D93 /* Products */,
				6ECBB8781CF8E360003C3D93 /* Frameworks */,
				C0F0FB66DA196A4A901BD8BA /* Pods */,
			);
			sourceTree = "<group>";
		};
		6ECBB83D1CF8E03E003C3D93 /* Products */ = {
			isa = PBXGroup;
			children = (
				6ECBB83C1CF8E03E003C3D93 /* RFit.app */,
				6ECBB84E1CF8E03E003C3D93 /* RFit WatchKit App.app */,
				6ECBB85D1CF8E03F003C3D93 /* RFit WatchKit Extension.appex */,
			);
			name = Products;
			sourceTree = "<group>";
		};
		6ECBB83E1CF8E03E003C3D93 /* RFit */ = {
			isa = PBXGroup;
			children = (
				E5126A2F20EF875200DB5D9F /* Model */,
				E5E3F73D20EED901004CD040 /* Controllers */,
				6ECBB83F1CF8E03E003C3D93 /* AppDelegate.swift */,
				6ECBB8431CF8E03E003C3D93 /* Main.storyboard */,
				6ECBB8461CF8E03E003C3D93 /* Assets.xcassets */,
				6ECBB8481CF8E03E003C3D93 /* LaunchScreen.storyboard */,
				6ECBB84B1CF8E03E003C3D93 /* Info.plist */,
				E5E3F74720EEE847004CD040 /* GoogleService-Info.plist */,
				6EA26AF91CFD696C001EA81E /* RFit.entitlements */,
			);
			path = RFit;
			sourceTree = "<group>";
		};
		6ECBB8521CF8E03E003C3D93 /* RFit WatchKit App */ = {
			isa = PBXGroup;
			children = (
				6ECBB8531CF8E03E003C3D93 /* Interface.storyboard */,
				6ECBB8561CF8E03E003C3D93 /* Assets.xcassets */,
				6ECBB8581CF8E03E003C3D93 /* Info.plist */,
			);
			path = "RFit WatchKit App";
			sourceTree = "<group>";
		};
		6ECBB8611CF8E03F003C3D93 /* RFit WatchKit Extension */ = {
			isa = PBXGroup;
			children = (
				6ECBB8641CF8E03F003C3D93 /* ExtensionDelegate.swift */,
				6ECBB8621CF8E03F003C3D93 /* ConfigurationInterfaceController.swift */,
				6ECBB8761CF8E105003C3D93 /* WorkoutInterfaceController.swift */,
				6EA26AFC1CFD6E1B001EA81E /* SummaryInterfaceController.swift */,
				6EA26B001CFE34F9001EA81E /* Utilities */,
				6ECBB8661CF8E03F003C3D93 /* Assets.xcassets */,
				6ECBB8681CF8E03F003C3D93 /* Info.plist */,
				6E98B75A1CF92F35000C40A6 /* RFit WatchKit Extension.entitlements */,
			);
			path = "RFit WatchKit Extension";
			sourceTree = "<group>";
		};
		6ECBB8781CF8E360003C3D93 /* Frameworks */ = {
			isa = PBXGroup;
			children = (
				E56B75DC20F665C100C955CA /* MediaPlayer.framework */,
				E56B75DA20F665B400C955CA /* AVKit.framework */,
				6EA26AFA1CFD696C001EA81E /* HealthKit.framework */,
				5070164D2DC20CC714EB0CCE /* Pods_RFit.framework */,
				A0EE018E280329E1AE65E5DD /* Pods_RFit_WatchKit_App.framework */,
				60883B03B20B6193472B90AB /* Pods_RFit_WatchKit_Extension.framework */,
			);
			name = Frameworks;
			sourceTree = "<group>";
		};
		B6FAC4F11D07B51E00C11376 /* Utilites */ = {
			isa = PBXGroup;
			children = (
				B6FAC4F21D07B54400C11376 /* Utilities.swift */,
			);
			name = Utilites;
			sourceTree = "<group>";
		};
		C0F0FB66DA196A4A901BD8BA /* Pods */ = {
			isa = PBXGroup;
			children = (
				5BE1AEC48D9DE4D5AE56BAC2 /* Pods-RFit.debug.xcconfig */,
				A25EE63B90A4C6AA74F15F93 /* Pods-RFit.release.xcconfig */,
				051FBF039DBBC00ECC53A518 /* Pods-RFit WatchKit App.debug.xcconfig */,
				5B185AD1AF70E8C2BA823928 /* Pods-RFit WatchKit App.release.xcconfig */,
				0C25B303CF4E1DDF967BB6E8 /* Pods-RFit WatchKit Extension.debug.xcconfig */,
				EFB2B0769C422B2B7B0FEB35 /* Pods-RFit WatchKit Extension.release.xcconfig */,
			);
			name = Pods;
			sourceTree = "<group>";
		};
		E5126A2F20EF875200DB5D9F /* Model */ = {
			isa = PBXGroup;
			children = (
				E5126A3020EF876200DB5D9F /* User.swift */,
			);
			path = Model;
			sourceTree = "<group>";
		};
		E5E3F73D20EED901004CD040 /* Controllers */ = {
			isa = PBXGroup;
			children = (
				6ECBB8411CF8E03E003C3D93 /* ConfigurationViewController.swift */,
				B67DF2FD1CFFE86500520DA6 /* WorkoutViewController.swift */,
				E5E3F73E20EED94F004CD040 /* BaseViewController.swift */,
				E5E3F74020EED97F004CD040 /* LoginViewController.swift */,
				E5E3F74220EED990004CD040 /* RegisterViewController.swift */,
				E5126A3220EF9DD300DB5D9F /* MainViewController.swift */,
				E56B75D320F6424700C955CA /* TutorialViewController.swift */,
				E527B60A20FBAFD000F7D67D /* AboutViewController.swift */,
			);
			path = Controllers;
			sourceTree = "<group>";
		};
/* End PBXGroup section */

/* Begin PBXNativeTarget section */
		6ECBB83B1CF8E03E003C3D93 /* RFit */ = {
			isa = PBXNativeTarget;
			buildConfigurationList = 6ECBB8731CF8E03F003C3D93 /* Build configuration list for PBXNativeTarget "RFit" */;
			buildPhases = (
				BB797BE1DAAA3CC4F557E5C5 /* [CP] Check Pods Manifest.lock */,
				6ECBB8381CF8E03E003C3D93 /* Sources */,
				6ECBB8391CF8E03E003C3D93 /* Frameworks */,
				6ECBB83A1CF8E03E003C3D93 /* Resources */,
				6ECBB8721CF8E03F003C3D93 /* Embed Watch Content */,
				DE391AE935FEDE27B8B17A64 /* [CP] Embed Pods Frameworks */,
			);
			buildRules = (
			);
			dependencies = (
				6ECBB8511CF8E03E003C3D93 /* PBXTargetDependency */,
			);
			name = RFit;
			productName = SpeedySloth;
			productReference = 6ECBB83C1CF8E03E003C3D93 /* RFit.app */;
			productType = "com.apple.product-type.application";
		};
		6ECBB84D1CF8E03E003C3D93 /* RFit WatchKit App */ = {
			isa = PBXNativeTarget;
			buildConfigurationList = 6ECBB86F1CF8E03F003C3D93 /* Build configuration list for PBXNativeTarget "RFit WatchKit App" */;
			buildPhases = (
				CAE6CBACA2E227B9AB01FEBF /* [CP] Check Pods Manifest.lock */,
				6ECBB84C1CF8E03E003C3D93 /* Resources */,
				6ECBB86E1CF8E03F003C3D93 /* Embed App Extensions */,
				5AF9E048E7F6C84D16F60E89 /* Frameworks */,
			);
			buildRules = (
			);
			dependencies = (
				6ECBB8601CF8E03F003C3D93 /* PBXTargetDependency */,
			);
			name = "RFit WatchKit App";
			productName = "SpeedySloth WatchKit App";
			productReference = 6ECBB84E1CF8E03E003C3D93 /* RFit WatchKit App.app */;
			productType = "com.apple.product-type.application.watchapp2";
		};
		6ECBB85C1CF8E03F003C3D93 /* RFit WatchKit Extension */ = {
			isa = PBXNativeTarget;
			buildConfigurationList = 6ECBB86B1CF8E03F003C3D93 /* Build configuration list for PBXNativeTarget "RFit WatchKit Extension" */;
			buildPhases = (
				C55D586935C2C8E805C2757E /* [CP] Check Pods Manifest.lock */,
				6ECBB8591CF8E03F003C3D93 /* Sources */,
				6ECBB85A1CF8E03F003C3D93 /* Frameworks */,
				6ECBB85B1CF8E03F003C3D93 /* Resources */,
			);
			buildRules = (
			);
			dependencies = (
			);
			name = "RFit WatchKit Extension";
			productName = "SpeedySloth WatchKit Extension";
			productReference = 6ECBB85D1CF8E03F003C3D93 /* RFit WatchKit Extension.appex */;
			productType = "com.apple.product-type.watchkit2-extension";
		};
/* End PBXNativeTarget section */

/* Begin PBXProject section */
		6ECBB8341CF8E03E003C3D93 /* Project object */ = {
			isa = PBXProject;
			attributes = {
				LastSwiftUpdateCheck = 0800;
				LastUpgradeCheck = 0940;
				ORGANIZATIONNAME = "Apple, Inc.";
				TargetAttributes = {
					6ECBB83B1CF8E03E003C3D93 = {
						CreatedOnToolsVersion = 8.0;
						SystemCapabilities = {
							com.apple.HealthKit = {
								enabled = 1;
							};
						};
					};
					6ECBB84D1CF8E03E003C3D93 = {
						CreatedOnToolsVersion = 8.0;
					};
					6ECBB85C1CF8E03F003C3D93 = {
						CreatedOnToolsVersion = 8.0;
						SystemCapabilities = {
							com.apple.HealthKit = {
								enabled = 1;
							};
						};
					};
				};
			};
			buildConfigurationList = 6ECBB8371CF8E03E003C3D93 /* Build configuration list for PBXProject "RFit" */;
			compatibilityVersion = "Xcode 9.3";
			developmentRegion = English;
			hasScannedForEncodings = 0;
			knownRegions = (
				en,
				Base,
			);
			mainGroup = 6ECBB8331CF8E03E003C3D93;
			productRefGroup = 6ECBB83D1CF8E03E003C3D93 /* Products */;
			projectDirPath = "";
			projectRoot = "";
			targets = (
				6ECBB83B1CF8E03E003C3D93 /* RFit */,
				6ECBB84D1CF8E03E003C3D93 /* RFit WatchKit App */,
				6ECBB85C1CF8E03F003C3D93 /* RFit WatchKit Extension */,
			);
		};
/* End PBXProject section */

/* Begin PBXResourcesBuildPhase section */
		6ECBB83A1CF8E03E003C3D93 /* Resources */ = {
			isa = PBXResourcesBuildPhase;
			buildActionMask = 2147483647;
			files = (
				6ECBB84A1CF8E03E003C3D93 /* LaunchScreen.storyboard in Resources */,
				E5E3F74820EEE848004CD040 /* GoogleService-Info.plist in Resources */,
				6ECBB8471CF8E03E003C3D93 /* Assets.xcassets in Resources */,
				6ECBB8451CF8E03E003C3D93 /* Main.storyboard in Resources */,
			);
			runOnlyForDeploymentPostprocessing = 0;
		};
		6ECBB84C1CF8E03E003C3D93 /* Resources */ = {
			isa = PBXResourcesBuildPhase;
			buildActionMask = 2147483647;
			files = (
				6ECBB8571CF8E03E003C3D93 /* Assets.xcassets in Resources */,
				6ECBB8551CF8E03E003C3D93 /* Interface.storyboard in Resources */,
			);
			runOnlyForDeploymentPostprocessing = 0;
		};
		6ECBB85B1CF8E03F003C3D93 /* Resources */ = {
			isa = PBXResourcesBuildPhase;
			buildActionMask = 2147483647;
			files = (
				6ECBB8671CF8E03F003C3D93 /* Assets.xcassets in Resources */,
			);
			runOnlyForDeploymentPostprocessing = 0;
		};
/* End PBXResourcesBuildPhase section */

/* Begin PBXShellScriptBuildPhase section */
		BB797BE1DAAA3CC4F557E5C5 /* [CP] Check Pods Manifest.lock */ = {
			isa = PBXShellScriptBuildPhase;
			buildActionMask = 2147483647;
			files = (
			);
			inputPaths = (
				"${PODS_PODFILE_DIR_PATH}/Podfile.lock",
				"${PODS_ROOT}/Manifest.lock",
			);
			name = "[CP] Check Pods Manifest.lock";
			outputPaths = (
				"$(DERIVED_FILE_DIR)/Pods-RFit-checkManifestLockResult.txt",
			);
			runOnlyForDeploymentPostprocessing = 0;
			shellPath = /bin/sh;
			shellScript = "diff \"${PODS_PODFILE_DIR_PATH}/Podfile.lock\" \"${PODS_ROOT}/Manifest.lock\" > /dev/null\nif [ $? != 0 ] ; then\n    # print error to STDERR\n    echo \"error: The sandbox is not in sync with the Podfile.lock. Run 'pod install' or update your CocoaPods installation.\" >&2\n    exit 1\nfi\n# This output is used by Xcode 'outputs' to avoid re-running this script phase.\necho \"SUCCESS\" > \"${SCRIPT_OUTPUT_FILE_0}\"\n";
			showEnvVarsInLog = 0;
		};
		C55D586935C2C8E805C2757E /* [CP] Check Pods Manifest.lock */ = {
			isa = PBXShellScriptBuildPhase;
			buildActionMask = 2147483647;
			files = (
			);
			inputPaths = (
				"${PODS_PODFILE_DIR_PATH}/Podfile.lock",
				"${PODS_ROOT}/Manifest.lock",
			);
			name = "[CP] Check Pods Manifest.lock";
			outputPaths = (
				"$(DERIVED_FILE_DIR)/Pods-RFit WatchKit Extension-checkManifestLockResult.txt",
			);
			runOnlyForDeploymentPostprocessing = 0;
			shellPath = /bin/sh;
			shellScript = "diff \"${PODS_PODFILE_DIR_PATH}/Podfile.lock\" \"${PODS_ROOT}/Manifest.lock\" > /dev/null\nif [ $? != 0 ] ; then\n    # print error to STDERR\n    echo \"error: The sandbox is not in sync with the Podfile.lock. Run 'pod install' or update your CocoaPods installation.\" >&2\n    exit 1\nfi\n# This output is used by Xcode 'outputs' to avoid re-running this script phase.\necho \"SUCCESS\" > \"${SCRIPT_OUTPUT_FILE_0}\"\n";
			showEnvVarsInLog = 0;
		};
		CAE6CBACA2E227B9AB01FEBF /* [CP] Check Pods Manifest.lock */ = {
			isa = PBXShellScriptBuildPhase;
			buildActionMask = 2147483647;
			files = (
			);
			inputPaths = (
				"${PODS_PODFILE_DIR_PATH}/Podfile.lock",
				"${PODS_ROOT}/Manifest.lock",
			);
			name = "[CP] Check Pods Manifest.lock";
			outputPaths = (
				"$(DERIVED_FILE_DIR)/Pods-RFit WatchKit App-checkManifestLockResult.txt",
			);
			runOnlyForDeploymentPostprocessing = 0;
			shellPath = /bin/sh;
			shellScript = "diff \"${PODS_PODFILE_DIR_PATH}/Podfile.lock\" \"${PODS_ROOT}/Manifest.lock\" > /dev/null\nif [ $? != 0 ] ; then\n    # print error to STDERR\n    echo \"error: The sandbox is not in sync with the Podfile.lock. Run 'pod install' or update your CocoaPods installation.\" >&2\n    exit 1\nfi\n# This output is used by Xcode 'outputs' to avoid re-running this script phase.\necho \"SUCCESS\" > \"${SCRIPT_OUTPUT_FILE_0}\"\n";
			showEnvVarsInLog = 0;
		};
		DE391AE935FEDE27B8B17A64 /* [CP] Embed Pods Frameworks */ = {
			isa = PBXShellScriptBuildPhase;
			buildActionMask = 2147483647;
			files = (
			);
			inputPaths = (
				"${SRCROOT}/Pods/Target Support Files/Pods-RFit/Pods-RFit-frameworks.sh",
				"${BUILT_PRODUCTS_DIR}/Bolts/Bolts.framework",
				"${BUILT_PRODUCTS_DIR}/FBSDKCoreKit/FBSDKCoreKit.framework",
				"${BUILT_PRODUCTS_DIR}/FBSDKLoginKit/FBSDKLoginKit.framework",
				"${BUILT_PRODUCTS_DIR}/FBSDKShareKit/FBSDKShareKit.framework",
				"${BUILT_PRODUCTS_DIR}/GTMSessionFetcher/GTMSessionFetcher.framework",
				"${BUILT_PRODUCTS_DIR}/GoogleToolboxForMac/GoogleToolboxForMac.framework",
				"${BUILT_PRODUCTS_DIR}/IQKeyboardManagerSwift/IQKeyboardManagerSwift.framework",
				"${BUILT_PRODUCTS_DIR}/LKAlertController/LKAlertController.framework",
				"${BUILT_PRODUCTS_DIR}/LikeAnimation/LikeAnimation.framework",
				"${BUILT_PRODUCTS_DIR}/PKHUD/PKHUD.framework",
				"${BUILT_PRODUCTS_DIR}/SDWebImage/SDWebImage.framework",
				"${BUILT_PRODUCTS_DIR}/UnderKeyboard/UnderKeyboard.framework",
				"${BUILT_PRODUCTS_DIR}/leveldb-library/leveldb.framework",
				"${BUILT_PRODUCTS_DIR}/nanopb/nanopb.framework",
			);
			name = "[CP] Embed Pods Frameworks";
			outputPaths = (
				"${TARGET_BUILD_DIR}/${FRAMEWORKS_FOLDER_PATH}/Bolts.framework",
				"${TARGET_BUILD_DIR}/${FRAMEWORKS_FOLDER_PATH}/FBSDKCoreKit.framework",
				"${TARGET_BUILD_DIR}/${FRAMEWORKS_FOLDER_PATH}/FBSDKLoginKit.framework",
				"${TARGET_BUILD_DIR}/${FRAMEWORKS_FOLDER_PATH}/FBSDKShareKit.framework",
				"${TARGET_BUILD_DIR}/${FRAMEWORKS_FOLDER_PATH}/GTMSessionFetcher.framework",
				"${TARGET_BUILD_DIR}/${FRAMEWORKS_FOLDER_PATH}/GoogleToolboxForMac.framework",
				"${TARGET_BUILD_DIR}/${FRAMEWORKS_FOLDER_PATH}/IQKeyboardManagerSwift.framework",
				"${TARGET_BUILD_DIR}/${FRAMEWORKS_FOLDER_PATH}/LKAlertController.framework",
				"${TARGET_BUILD_DIR}/${FRAMEWORKS_FOLDER_PATH}/LikeAnimation.framework",
				"${TARGET_BUILD_DIR}/${FRAMEWORKS_FOLDER_PATH}/PKHUD.framework",
				"${TARGET_BUILD_DIR}/${FRAMEWORKS_FOLDER_PATH}/SDWebImage.framework",
				"${TARGET_BUILD_DIR}/${FRAMEWORKS_FOLDER_PATH}/UnderKeyboard.framework",
				"${TARGET_BUILD_DIR}/${FRAMEWORKS_FOLDER_PATH}/leveldb.framework",
				"${TARGET_BUILD_DIR}/${FRAMEWORKS_FOLDER_PATH}/nanopb.framework",
			);
			runOnlyForDeploymentPostprocessing = 0;
			shellPath = /bin/sh;
			shellScript = "\"${SRCROOT}/Pods/Target Support Files/Pods-RFit/Pods-RFit-frameworks.sh\"\n";
			showEnvVarsInLog = 0;
		};
/* End PBXShellScriptBuildPhase section */

/* Begin PBXSourcesBuildPhase section */
		6ECBB8381CF8E03E003C3D93 /* Sources */ = {
			isa = PBXSourcesBuildPhase;
			buildActionMask = 2147483647;
			files = (
				E5E3F74120EED97F004CD040 /* LoginViewController.swift in Sources */,
				E5E3F73F20EED94F004CD040 /* BaseViewController.swift in Sources */,
				E527B60B20FBAFD000F7D67D /* AboutViewController.swift in Sources */,
				E56B75D420F6424700C955CA /* TutorialViewController.swift in Sources */,
				E5E3F74320EED990004CD040 /* RegisterViewController.swift in Sources */,
				B67DF2FE1CFFE86500520DA6 /* WorkoutViewController.swift in Sources */,
				E5126A3120EF876200DB5D9F /* User.swift in Sources */,
				6ECBB8421CF8E03E003C3D93 /* ConfigurationViewController.swift in Sources */,
				E5126A3320EF9DD300DB5D9F /* MainViewController.swift in Sources */,
				B6FAC4F31D07B54400C11376 /* Utilities.swift in Sources */,
				6ECBB8401CF8E03E003C3D93 /* AppDelegate.swift in Sources */,
			);
			runOnlyForDeploymentPostprocessing = 0;
		};
		6ECBB8591CF8E03F003C3D93 /* Sources */ = {
			isa = PBXSourcesBuildPhase;
			buildActionMask = 2147483647;
			files = (
				6EA26AFD1CFD6E1B001EA81E /* SummaryInterfaceController.swift in Sources */,
				6ECBB8651CF8E03F003C3D93 /* ExtensionDelegate.swift in Sources */,
				B69421021D013F6B00293562 /* ParentConnector.swift in Sources */,
				6ECBB8631CF8E03F003C3D93 /* ConfigurationInterfaceController.swift in Sources */,
				6EA26AFF1CFE08CC001EA81E /* HKQuantityTypeExtension.swift in Sources */,
				B6FAC4F41D07B54C00C11376 /* Utilities.swift in Sources */,
				6ECBB8771CF8E105003C3D93 /* WorkoutInterfaceController.swift in Sources */,
			);
			runOnlyForDeploymentPostprocessing = 0;
		};
/* End PBXSourcesBuildPhase section */

/* Begin PBXTargetDependency section */
		6ECBB8511CF8E03E003C3D93 /* PBXTargetDependency */ = {
			isa = PBXTargetDependency;
			target = 6ECBB84D1CF8E03E003C3D93 /* RFit WatchKit App */;
			targetProxy = 6ECBB8501CF8E03E003C3D93 /* PBXContainerItemProxy */;
		};
		6ECBB8601CF8E03F003C3D93 /* PBXTargetDependency */ = {
			isa = PBXTargetDependency;
			target = 6ECBB85C1CF8E03F003C3D93 /* RFit WatchKit Extension */;
			targetProxy = 6ECBB85F1CF8E03F003C3D93 /* PBXContainerItemProxy */;
		};
/* End PBXTargetDependency section */

/* Begin PBXVariantGroup section */
		6ECBB8431CF8E03E003C3D93 /* Main.storyboard */ = {
			isa = PBXVariantGroup;
			children = (
				6ECBB8441CF8E03E003C3D93 /* Base */,
			);
			name = Main.storyboard;
			sourceTree = "<group>";
		};
		6ECBB8481CF8E03E003C3D93 /* LaunchScreen.storyboard */ = {
			isa = PBXVariantGroup;
			children = (
				6ECBB8491CF8E03E003C3D93 /* Base */,
			);
			name = LaunchScreen.storyboard;
			sourceTree = "<group>";
		};
		6ECBB8531CF8E03E003C3D93 /* Interface.storyboard */ = {
			isa = PBXVariantGroup;
			children = (
				6ECBB8541CF8E03E003C3D93 /* Base */,
			);
			name = Interface.storyboard;
			sourceTree = "<group>";
		};
/* End PBXVariantGroup section */

/* Begin XCBuildConfiguration section */
		6ECBB8691CF8E03F003C3D93 /* Debug */ = {
			isa = XCBuildConfiguration;
			buildSettings = {
				ALWAYS_SEARCH_USER_PATHS = NO;
				CLANG_ANALYZER_NONNULL = YES;
				CLANG_CXX_LANGUAGE_STANDARD = "gnu++0x";
				CLANG_CXX_LIBRARY = "libc++";
				CLANG_ENABLE_MODULES = YES;
				CLANG_ENABLE_OBJC_ARC = YES;
				CLANG_WARN_BLOCK_CAPTURE_AUTORELEASING = YES;
				CLANG_WARN_BOOL_CONVERSION = YES;
				CLANG_WARN_COMMA = YES;
				CLANG_WARN_CONSTANT_CONVERSION = YES;
				CLANG_WARN_DEPRECATED_OBJC_IMPLEMENTATIONS = YES;
				CLANG_WARN_DIRECT_OBJC_ISA_USAGE = YES_ERROR;
				CLANG_WARN_DOCUMENTATION_COMMENTS = YES;
				CLANG_WARN_EMPTY_BODY = YES;
				CLANG_WARN_ENUM_CONVERSION = YES;
				CLANG_WARN_INFINITE_RECURSION = YES;
				CLANG_WARN_INT_CONVERSION = YES;
				CLANG_WARN_NON_LITERAL_NULL_CONVERSION = YES;
				CLANG_WARN_OBJC_IMPLICIT_RETAIN_SELF = YES;
				CLANG_WARN_OBJC_LITERAL_CONVERSION = YES;
				CLANG_WARN_OBJC_ROOT_CLASS = YES_ERROR;
				CLANG_WARN_RANGE_LOOP_ANALYSIS = YES;
				CLANG_WARN_STRICT_PROTOTYPES = YES;
				CLANG_WARN_SUSPICIOUS_MOVE = YES;
				CLANG_WARN_UNREACHABLE_CODE = YES;
				CLANG_WARN__DUPLICATE_METHOD_MATCH = YES;
				"CODE_SIGN_IDENTITY[sdk=iphoneos*]" = "iPhone Developer";
				COPY_PHASE_STRIP = NO;
				DEBUG_INFORMATION_FORMAT = "dwarf-with-dsym";
				ENABLE_STRICT_OBJC_MSGSEND = YES;
				ENABLE_TESTABILITY = YES;
				GCC_C_LANGUAGE_STANDARD = gnu99;
				GCC_DYNAMIC_NO_PIC = NO;
				GCC_NO_COMMON_BLOCKS = YES;
				GCC_OPTIMIZATION_LEVEL = 0;
				GCC_PREPROCESSOR_DEFINITIONS = (
					"DEBUG=1",
					"$(inherited)",
				);
				GCC_WARN_64_TO_32_BIT_CONVERSION = YES;
				GCC_WARN_ABOUT_RETURN_TYPE = YES_ERROR;
				GCC_WARN_UNDECLARED_SELECTOR = YES;
				GCC_WARN_UNINITIALIZED_AUTOS = YES_AGGRESSIVE;
				GCC_WARN_UNUSED_FUNCTION = YES;
				GCC_WARN_UNUSED_VARIABLE = YES;
				IPHONEOS_DEPLOYMENT_TARGET = 11.4;
				MTL_ENABLE_DEBUG_INFO = YES;
				ONLY_ACTIVE_ARCH = YES;
				SDKROOT = iphoneos;
				SWIFT_ACTIVE_COMPILATION_CONDITIONS = DEBUG;
				SWIFT_OPTIMIZATION_LEVEL = "-Onone";
				SWIFT_VERSION = 4.0;
				TARGETED_DEVICE_FAMILY = "1,2";
			};
			name = Debug;
		};
		6ECBB86A1CF8E03F003C3D93 /* Release */ = {
			isa = XCBuildConfiguration;
			buildSettings = {
				ALWAYS_SEARCH_USER_PATHS = NO;
				CLANG_ANALYZER_NONNULL = YES;
				CLANG_CXX_LANGUAGE_STANDARD = "gnu++0x";
				CLANG_CXX_LIBRARY = "libc++";
				CLANG_ENABLE_MODULES = YES;
				CLANG_ENABLE_OBJC_ARC = YES;
				CLANG_WARN_BLOCK_CAPTURE_AUTORELEASING = YES;
				CLANG_WARN_BOOL_CONVERSION = YES;
				CLANG_WARN_COMMA = YES;
				CLANG_WARN_CONSTANT_CONVERSION = YES;
				CLANG_WARN_DEPRECATED_OBJC_IMPLEMENTATIONS = YES;
				CLANG_WARN_DIRECT_OBJC_ISA_USAGE = YES_ERROR;
				CLANG_WARN_DOCUMENTATION_COMMENTS = YES;
				CLANG_WARN_EMPTY_BODY = YES;
				CLANG_WARN_ENUM_CONVERSION = YES;
				CLANG_WARN_INFINITE_RECURSION = YES;
				CLANG_WARN_INT_CONVERSION = YES;
				CLANG_WARN_NON_LITERAL_NULL_CONVERSION = YES;
				CLANG_WARN_OBJC_IMPLICIT_RETAIN_SELF = YES;
				CLANG_WARN_OBJC_LITERAL_CONVERSION = YES;
				CLANG_WARN_OBJC_ROOT_CLASS = YES_ERROR;
				CLANG_WARN_RANGE_LOOP_ANALYSIS = YES;
				CLANG_WARN_STRICT_PROTOTYPES = YES;
				CLANG_WARN_SUSPICIOUS_MOVE = YES;
				CLANG_WARN_UNREACHABLE_CODE = YES;
				CLANG_WARN__DUPLICATE_METHOD_MATCH = YES;
				"CODE_SIGN_IDENTITY[sdk=iphoneos*]" = "iPhone Developer";
				COPY_PHASE_STRIP = NO;
				DEBUG_INFORMATION_FORMAT = "dwarf-with-dsym";
				ENABLE_NS_ASSERTIONS = NO;
				ENABLE_STRICT_OBJC_MSGSEND = YES;
				GCC_C_LANGUAGE_STANDARD = gnu99;
				GCC_NO_COMMON_BLOCKS = YES;
				GCC_WARN_64_TO_32_BIT_CONVERSION = YES;
				GCC_WARN_ABOUT_RETURN_TYPE = YES_ERROR;
				GCC_WARN_UNDECLARED_SELECTOR = YES;
				GCC_WARN_UNINITIALIZED_AUTOS = YES_AGGRESSIVE;
				GCC_WARN_UNUSED_FUNCTION = YES;
				GCC_WARN_UNUSED_VARIABLE = YES;
				IPHONEOS_DEPLOYMENT_TARGET = 11.4;
				MTL_ENABLE_DEBUG_INFO = NO;
				SDKROOT = iphoneos;
				SWIFT_COMPILATION_MODE = wholemodule;
				SWIFT_OPTIMIZATION_LEVEL = "-O";
				SWIFT_VERSION = 4.0;
				TARGETED_DEVICE_FAMILY = "1,2";
				VALIDATE_PRODUCT = YES;
			};
			name = Release;
		};
		6ECBB86C1CF8E03F003C3D93 /* Debug */ = {
			isa = XCBuildConfiguration;
			baseConfigurationReference = 0C25B303CF4E1DDF967BB6E8 /* Pods-RFit WatchKit Extension.debug.xcconfig */;
			buildSettings = {
				ASSETCATALOG_COMPILER_COMPLICATION_NAME = Complication;
				CODE_SIGN_ENTITLEMENTS = "RFit WatchKit Extension/RFit WatchKit Extension.entitlements";
				CODE_SIGN_IDENTITY = "iPhone Developer";
				CODE_SIGN_STYLE = Automatic;
				DEVELOPMENT_TEAM = H55V68K4TY;
				INFOPLIST_FILE = "RFit WatchKit Extension/Info.plist";
				LD_RUNPATH_SEARCH_PATHS = (
					"$(inherited)",
					"@executable_path/Frameworks",
					"@executable_path/../../Frameworks",
				);
				PRODUCT_BUNDLE_IDENTIFIER = com.Razvan.RFit.watchkit.extension;
				PRODUCT_NAME = "${TARGET_NAME}";
				PROVISIONING_PROFILE_SPECIFIER = "";
				SDKROOT = watchos;
				SKIP_INSTALL = YES;
				SWIFT_VERSION = 4.0;
				TARGETED_DEVICE_FAMILY = 4;
				WATCHOS_DEPLOYMENT_TARGET = 4.3;
			};
			name = Debug;
		};
		6ECBB86D1CF8E03F003C3D93 /* Release */ = {
			isa = XCBuildConfiguration;
			baseConfigurationReference = EFB2B0769C422B2B7B0FEB35 /* Pods-RFit WatchKit Extension.release.xcconfig */;
			buildSettings = {
				ASSETCATALOG_COMPILER_COMPLICATION_NAME = Complication;
				CODE_SIGN_ENTITLEMENTS = "RFit WatchKit Extension/RFit WatchKit Extension.entitlements";
				CODE_SIGN_IDENTITY = "iPhone Developer";
				CODE_SIGN_STYLE = Automatic;
				DEVELOPMENT_TEAM = H55V68K4TY;
				INFOPLIST_FILE = "RFit WatchKit Extension/Info.plist";
				LD_RUNPATH_SEARCH_PATHS = (
					"$(inherited)",
					"@executable_path/Frameworks",
					"@executable_path/../../Frameworks",
				);
				PRODUCT_BUNDLE_IDENTIFIER = com.Razvan.RFit.watchkit.extension;
				PRODUCT_NAME = "${TARGET_NAME}";
				PROVISIONING_PROFILE_SPECIFIER = "";
				SDKROOT = watchos;
				SKIP_INSTALL = YES;
				SWIFT_VERSION = 4.0;
				TARGETED_DEVICE_FAMILY = 4;
				WATCHOS_DEPLOYMENT_TARGET = 4.3;
			};
			name = Release;
		};
		6ECBB8701CF8E03F003C3D93 /* Debug */ = {
			isa = XCBuildConfiguration;
			baseConfigurationReference = 051FBF039DBBC00ECC53A518 /* Pods-RFit WatchKit App.debug.xcconfig */;
			buildSettings = {
				ALWAYS_EMBED_SWIFT_STANDARD_LIBRARIES = YES;
				ASSETCATALOG_COMPILER_APPICON_NAME = AppIcon;
				CODE_SIGN_IDENTITY = "iPhone Developer";
				CODE_SIGN_STYLE = Automatic;
				DEVELOPMENT_TEAM = H55V68K4TY;
				IBSC_MODULE = RFit_WatchKit_Extension;
				INFOPLIST_FILE = "RFit WatchKit App/Info.plist";
				PRODUCT_BUNDLE_IDENTIFIER = com.Razvan.RFit.watchkit;
				PRODUCT_NAME = "$(TARGET_NAME)";
				PROVISIONING_PROFILE_SPECIFIER = "";
				SDKROOT = watchos;
				SKIP_INSTALL = YES;
				TARGETED_DEVICE_FAMILY = 4;
				WATCHOS_DEPLOYMENT_TARGET = 4.3;
			};
			name = Debug;
		};
		6ECBB8711CF8E03F003C3D93 /* Release */ = {
			isa = XCBuildConfiguration;
			baseConfigurationReference = 5B185AD1AF70E8C2BA823928 /* Pods-RFit WatchKit App.release.xcconfig */;
			buildSettings = {
				ALWAYS_EMBED_SWIFT_STANDARD_LIBRARIES = YES;
				ASSETCATALOG_COMPILER_APPICON_NAME = AppIcon;
				CODE_SIGN_IDENTITY = "iPhone Developer";
				CODE_SIGN_STYLE = Automatic;
				DEVELOPMENT_TEAM = H55V68K4TY;
				IBSC_MODULE = RFit_WatchKit_Extension;
				INFOPLIST_FILE = "RFit WatchKit App/Info.plist";
				PRODUCT_BUNDLE_IDENTIFIER = com.Razvan.RFit.watchkit;
				PRODUCT_NAME = "$(TARGET_NAME)";
				PROVISIONING_PROFILE_SPECIFIER = "";
				SDKROOT = watchos;
				SKIP_INSTALL = YES;
				TARGETED_DEVICE_FAMILY = 4;
				WATCHOS_DEPLOYMENT_TARGET = 4.3;
			};
			name = Release;
		};
		6ECBB8741CF8E03F003C3D93 /* Debug */ = {
			isa = XCBuildConfiguration;
			baseConfigurationReference = 5BE1AEC48D9DE4D5AE56BAC2 /* Pods-RFit.debug.xcconfig */;
			buildSettings = {
				ASSETCATALOG_COMPILER_APPICON_NAME = AppIcon;
				CODE_SIGN_ENTITLEMENTS = RFit/RFit.entitlements;
				CODE_SIGN_IDENTITY = "iPhone Developer";
				CODE_SIGN_STYLE = Automatic;
				DEVELOPMENT_TEAM = H55V68K4TY;
				INFOPLIST_FILE = RFit/Info.plist;
				IPHONEOS_DEPLOYMENT_TARGET = 11.4;
				LD_RUNPATH_SEARCH_PATHS = (
					"$(inherited)",
					"@executable_path/Frameworks",
				);
				PRODUCT_BUNDLE_IDENTIFIER = com.Razvan.RFit;
				PRODUCT_NAME = "$(TARGET_NAME)";
				PROVISIONING_PROFILE_SPECIFIER = "";
				SWIFT_VERSION = 3.0;
				TARGETED_DEVICE_FAMILY = 1;
			};
			name = Debug;
		};
		6ECBB8751CF8E03F003C3D93 /* Release */ = {
			isa = XCBuildConfiguration;
			baseConfigurationReference = A25EE63B90A4C6AA74F15F93 /* Pods-RFit.release.xcconfig */;
			buildSettings = {
				ASSETCATALOG_COMPILER_APPICON_NAME = AppIcon;
				CODE_SIGN_ENTITLEMENTS = RFit/RFit.entitlements;
				CODE_SIGN_IDENTITY = "iPhone Developer";
				CODE_SIGN_STYLE = Automatic;
				DEVELOPMENT_TEAM = H55V68K4TY;
				INFOPLIST_FILE = RFit/Info.plist;
				IPHONEOS_DEPLOYMENT_TARGET = 11.4;
				LD_RUNPATH_SEARCH_PATHS = (
					"$(inherited)",
					"@executable_path/Frameworks",
				);
				PRODUCT_BUNDLE_IDENTIFIER = com.Razvan.RFit;
				PRODUCT_NAME = "$(TARGET_NAME)";
				PROVISIONING_PROFILE_SPECIFIER = "";
				SWIFT_VERSION = 3.0;
				TARGETED_DEVICE_FAMILY = 1;
			};
			name = Release;
		};
/* End XCBuildConfiguration section */

/* Begin XCConfigurationList section */
		6ECBB8371CF8E03E003C3D93 /* Build configuration list for PBXProject "RFit" */ = {
			isa = XCConfigurationList;
			buildConfigurations = (
				6ECBB8691CF8E03F003C3D93 /* Debug */,
				6ECBB86A1CF8E03F003C3D93 /* Release */,
			);
			defaultConfigurationIsVisible = 0;
			defaultConfigurationName = Release;
		};
		6ECBB86B1CF8E03F003C3D93 /* Build configuration list for PBXNativeTarget "RFit WatchKit Extension" */ = {
			isa = XCConfigurationList;
			buildConfigurations = (
				6ECBB86C1CF8E03F003C3D93 /* Debug */,
				6ECBB86D1CF8E03F003C3D93 /* Release */,
			);
			defaultConfigurationIsVisible = 0;
			defaultConfigurationName = Release;
		};
		6ECBB86F1CF8E03F003C3D93 /* Build configuration list for PBXNativeTarget "RFit WatchKit App" */ = {
			isa = XCConfigurationList;
			buildConfigurations = (
				6ECBB8701CF8E03F003C3D93 /* Debug */,
				6ECBB8711CF8E03F003C3D93 /* Release */,
			);
			defaultConfigurationIsVisible = 0;
			defaultConfigurationName = Release;
		};
		6ECBB8731CF8E03F003C3D93 /* Build configuration list for PBXNativeTarget "RFit" */ = {
			isa = XCConfigurationList;
			buildConfigurations = (
				6ECBB8741CF8E03F003C3D93 /* Debug */,
				6ECBB8751CF8E03F003C3D93 /* Release */,
			);
			defaultConfigurationIsVisible = 0;
			defaultConfigurationName = Release;
		};
/* End XCConfigurationList section */
	};
	rootObject = 6ECBB8341CF8E03E003C3D93 /* Project object */;
}
